# Dependency baseline: CPython 3.12, Windows AMD64 / Linux glibc x86_64+aarch64.
# Preserves installed audit versions; not a production inventory or a security approval.
# Source: docs/dependency-inventory.json. Install build lock first, then --no-build-isolation.
# pyaes is the only permitted source distribution.
--only-binary=:all:
--no-binary=pyaes

annotated-doc==0.0.5 \
    --hash=sha256:117bac03a25ede5df5440e855b32d556049ca169ead221505badf432fed4b101

annotated-types==0.8.0 \
    --hash=sha256:f072f4d804ea359e4eaf198b1af7a8b0943881a87f31bb764f8bf219bb9419e0

anyio==4.15.1 \
    --hash=sha256:6152fdbbf9a77fdec97731721bebf7c4c44f7c29b424b0065826173efc7ed101

bitarray==3.11.0 \
    --hash=sha256:823638d0a900cea53c173fb31f5f1f4b913065a92fa3406d9b20eb7b7ebf189d \
    --hash=sha256:52741a1d24a3723a8151259906cf1befeaf3d4ccf7d3e27e8be4334590b59bcd \
    --hash=sha256:5db38c0a36d07190c3629c65dab2504233a56b1c35d8b1cc3d7369943d028711

certifi==2026.7.22 \
    --hash=sha256:62f22742b58a1a33014a2b6b706588a8d7e2a88ae7bd1a6ebe8c992928483775

cffi==2.1.1 \
    --hash=sha256:68e62fe11f30d5ca8289242866f0a5291402d8529ca2178ab8afc5c9694ae890 \
    --hash=sha256:c1453022f490d2459a11819d83ad1d586e9ff65a12ac3e705ffebd46d3685dcf \
    --hash=sha256:f53e442b08449d42821fa4a4fba000095af9f62742a500f978a9f557ec44339a

charset-normalizer==3.5.1 \
    --hash=sha256:4582c27e8c889d64811987b5967fbd3ae0c823fe1fd933b543d55ac20bb475fa \
    --hash=sha256:b9af956078716df40d985fb0dfeb2c2120c5ca92ba4ff4b388acfd01cdc14d08 \
    --hash=sha256:3617ac3cfd8b9888f145ad89dd6e692285834b0201c6074a5eeaad3fd4d668c2

ckzg==2.1.8 \
    --hash=sha256:9bdb7f51ee3cf8e45451bee8c6dce975fddadfe231174d8de9c27a3aa27741b8 \
    --hash=sha256:10339d23e36b8a0a4e6fda7f6c72d6b2fd4e1506f7b64a661ba8c706ee33f335 \
    --hash=sha256:a30f2b980929e898f0b28aa6bf9ae35e7afd5884e354376ad3744669b7cacf3e

click==8.5.0 \
    --hash=sha256:255bc9599cf7748b4b1a446ccc735421bd08a2ae529a8b88597d3de5664ee360

cryptography==47.0.0 \
    --hash=sha256:6f29f36582e6151d9686235e586dd35bb67491f024767d10b842e520dc6a07ac \
    --hash=sha256:4e1de79e047e25d6e9f8cea71c86b4a53aced64134f0f003bbcbf3655fd172c8 \
    --hash=sha256:f5c3296dab66202f1b18a91fa266be93d6aa0c2806ea3d67762c69f60adc71aa

cytoolz==1.1.0 \
    --hash=sha256:82779049f352fb3ab5e8c993ab45edbb6e02efb1f17f0b50f4972c706cc51d76 \
    --hash=sha256:c7a98deb11ccd8e5d9f9441ef2ff3352aab52226a2b7d04756caaa53cd612363 \
    --hash=sha256:07156987f224c6dac59aa18fb8bf91e1412f5463961862716a3381bf429c8699

eth-abi==6.0.0 \
    --hash=sha256:05ad63b50bd5448cfac0079b3cc5464de7464b4336a2496bf368d5808c7f9e9f

eth-account==0.13.7 \
    --hash=sha256:39727de8c94d004ff61d10da7587509c04d2dc7eac71e04830135300bdfc6d24

eth-hash==0.8.0 \
    --hash=sha256:523718a51b369ab89866b929a5c93c52978cd866ea309192ad980dd8271f9fac

eth-keyfile==0.8.1 \
    --hash=sha256:65387378b82fe7e86d7cb9f8d98e6d639142661b2f6f490629da09fddbef6d64

eth-keys==0.8.0 \
    --hash=sha256:a7b94222638cccbdf2b5dae5c365d883a96826d82bb0faeb56baa65375f514ae

eth-rlp==3.0.0 \
    --hash=sha256:32f355261c36ad2c369db098170f873123795667e50d496b034f369e2c9d2346

eth-typing==6.0.0 \
    --hash=sha256:ee74fb641eb36dd885e1c42c2a3055314efa532b3e71480816df70a94d35cfb9

eth-utils==5.3.1 \
    --hash=sha256:1f5476d8f29588d25b8ae4987e1ffdfae6d4c09026e476c4aad13b32dda3ead0

fastapi==0.141.1 \
    --hash=sha256:bfb91aa2d334c61cb35ba9a116fc123b3d3df31640b801cf57a7a78ec3f603b3

h11==0.16.0 \
    --hash=sha256:63cf8bbe7522de3bf65932fda1d9c2772064ffb3dae62d55932da54b31cb6c86

hexbytes==2.0.0 \
    --hash=sha256:5425bd7ac83cdd9791c13a5bf97cfe9b9609a304b1ef3ab146adfd50de06cf0e

hyperliquid-python-sdk==0.24.0 \
    --hash=sha256:f472dd4f6d8ef0e66182c7627276400462c86fbc0929eb5b63feda3ae45605f6

idna==3.19 \
    --hash=sha256:815e7be7a7806d54abb586dc943addc79e8b2ee16915059658cbeff4b1b43bf4

msgpack==1.2.2 \
    --hash=sha256:90986cc9aab9d7d1d8f38bcbf65d3f7ac83bdd90c35765db7d691b4829698cba \
    --hash=sha256:77c2e018417dc1d66f235e383877ee885b60ade9d29e494dd581e08af2cb1923 \
    --hash=sha256:b68614fba0570349833b7dd999ff0aed4e5cc8d9eb6e3a7d4527be33c65e33d3

parsimonious==0.10.0 \
    --hash=sha256:982ab435fabe86519b57f6b35610aa4e4e977e9f02a14353edf4bbc75369fc0f

pyaes==1.6.1 \
    --hash=sha256:02c1b1405c38d3c370b085fb952dd8bea3fadcee6411ad99f312cc129c536d8f

pyasn1==0.6.4 \
    --hash=sha256:deda9277cfd454080ec40b207fb6df82206a3a2688735233cdcd8d3d565f088b

pycparser==3.0 \
    --hash=sha256:b727414169a36b7d524c1c3e31839a521725078d7b2ff038656844266160a992

pycryptodome==3.23.0 \
    --hash=sha256:67bd81fcbe34f43ad9422ee8fd4843c8e7198dd88dd3d40e6de42ee65fbe1490 \
    --hash=sha256:c8987bd3307a39bc03df5c8e0e3d8be0c4c3518b7f044b0f4c15d1aa78f52575 \
    --hash=sha256:c75b52aacc6c0c260f204cbdd834f76edc9fb0d8e0da9fbf8352ef58202564e2

pydantic==2.13.5 \
    --hash=sha256:346a034f080da3755d8e9cb5e00e8b07de1d39e4f6e2c87d8ab7cafa0b269a73

pydantic-core==2.46.5 \
    --hash=sha256:4fdc8b93a41521988916eeaa271173fcca7fa0803d62f87675aac8dcec1c8e29 \
    --hash=sha256:0fc5be0abd4a407e200d844b404e33639a554e7bd0d448e7b9ae181be4789ac2 \
    --hash=sha256:5e81740c09e310f5aa5cbd3e434a01c154d4bef93241c7877b39f211d2b78ba8

python-dotenv==1.2.3 \
    --hash=sha256:904552145e8bfed22162c09dab1c2b9b54fefa7b23ba780f4f26ca0316b0f0d9

regex==2026.9.3 \
    --hash=sha256:233662cf8cfdfe3c0e58aa8f7bbefc579b5be0ac34546f123c159804179e8687 \
    --hash=sha256:665207e41bacd435db001099eeab44103197c2c1a729d73ade74688a905ed4ce \
    --hash=sha256:1ba1dbbb93c5c5629c1861763aec5bfa9f05ad24ef450694130e25029ce7bc36

requests==2.34.2 \
    --hash=sha256:2a0d60c172f83ac6ab31e4554906c0f3b3588d37b5cb939b1c061f4907e278e0

rlp==5.0.0 \
    --hash=sha256:9525fb895d3a6540b7401eadd11c1b64740a5eccb82e543ac7e9735d319b0977

rsa==4.9.1 \
    --hash=sha256:68635866661c6836b8d39430f97a996acbd61bfa49406748ea243539fe239762

starlette==1.6.0 \
    --hash=sha256:a86dd39d14bb45f85a3d18525215a9ef0cfd1f192ac793220e72598c90335f0c

telethon==1.44.0 \
    --hash=sha256:52fc49efb67a4916c2aedcb295ad286f4afa2aba9bf15d83ed2acdc64af0c718

toolz==1.1.0 \
    --hash=sha256:15ccc861ac51c53696de0a5d6d4607f99c210739caf987b5d2054f3efed429d8

typing-extensions==4.16.0 \
    --hash=sha256:481caa481374e813c1b176ada14e97f1f67a4539ce9cfeb3f350d78d6370c2e8

typing-inspection==0.4.4 \
    --hash=sha256:65b8397ba37ccbce054456aaccddfc91e6e3083c92824df348d96ca832f3f147

urllib3==2.7.0 \
    --hash=sha256:9fb4c81ebbb1ce9531cce37674bbc6f1360472bc18ca9a553ede278ef7276897

uvicorn==0.52.4 \
    --hash=sha256:f86e41a149d7d05a9969337e3946a9c171c06a5d42680896daaba624aeac8da1

websocket-client==1.9.2 \
    --hash=sha256:e1a673830a9c7bfa47b1cd3d5e4178f4c9651d80a4eab02c9c23a1c3ec6250ce
